
Microsoft Visual Studio Solution File, Format Version 12.00
# Visual Studio Version 16
VisualStudioVersion = 16.0.31702.278
MinimumVisualStudioVersion = 10.0.40219.1
Project("{FAE04EC0-301F-11D3-BF4B-00C04F79EFBC}") = "Задание9", "Задание9.csproj", "{ACBCEF55-66E6-4272-A421-D8BF7412873D}"
EndProject
Global
	GlobalSection(SolutionConfigurationPlatforms) = preSolution
		Debug|Any CPU = Debug|Any CPU
		Release|Any CPU = Release|Any CPU
	EndGlobalSection
	GlobalSection(ProjectConfigurationPlatforms) = postSolution
		{ACBCEF55-66E6-4272-A421-D8BF7412873D}.Debug|Any CPU.ActiveCfg = Debug|Any CPU
		{ACBCEF55-66E6-4272-A421-D8BF7412873D}.Debug|Any CPU.Build.0 = Debug|Any CPU
		{ACBCEF55-66E6-4272-A421-D8BF7412873D}.Release|Any CPU.ActiveCfg = Release|Any CPU
		{ACBCEF55-66E6-4272-A421-D8BF7412873D}.Release|Any CPU.Build.0 = Release|Any CPU
	EndGlobalSection
	GlobalSection(SolutionProperties) = preSolution
		HideSolutionNode = FALSE
	EndGlobalSection
	GlobalSection(ExtensibilityGlobals) = postSolution
		SolutionGuid = {5FA14F72-1AD6-4FDE-B617-2F0B137C9E03}
	EndGlobalSection
EndGlobal
