
Microsoft Visual Studio Solution File, Format Version 12.00
# Visual Studio Version 16
VisualStudioVersion = 16.0.31702.278
MinimumVisualStudioVersion = 10.0.40219.1
Project("{FAE04EC0-301F-11D3-BF4B-00C04F79EFBC}") = "Задание8", "Задание8.csproj", "{8FC0A2AB-700C-49C1-B016-4C652B1A3CAA}"
EndProject
Global
	GlobalSection(SolutionConfigurationPlatforms) = preSolution
		Debug|Any CPU = Debug|Any CPU
		Release|Any CPU = Release|Any CPU
	EndGlobalSection
	GlobalSection(ProjectConfigurationPlatforms) = postSolution
		{8FC0A2AB-700C-49C1-B016-4C652B1A3CAA}.Debug|Any CPU.ActiveCfg = Debug|Any CPU
		{8FC0A2AB-700C-49C1-B016-4C652B1A3CAA}.Debug|Any CPU.Build.0 = Debug|Any CPU
		{8FC0A2AB-700C-49C1-B016-4C652B1A3CAA}.Release|Any CPU.ActiveCfg = Release|Any CPU
		{8FC0A2AB-700C-49C1-B016-4C652B1A3CAA}.Release|Any CPU.Build.0 = Release|Any CPU
	EndGlobalSection
	GlobalSection(SolutionProperties) = preSolution
		HideSolutionNode = FALSE
	EndGlobalSection
	GlobalSection(ExtensibilityGlobals) = postSolution
		SolutionGuid = {59FBCE06-73F4-47A8-9C2C-07ACE4C5F338}
	EndGlobalSection
EndGlobal
