
Microsoft Visual Studio Solution File, Format Version 12.00
# Visual Studio Version 16
VisualStudioVersion = 16.0.31702.278
MinimumVisualStudioVersion = 10.0.40219.1
Project("{FAE04EC0-301F-11D3-BF4B-00C04F79EFBC}") = "Задание8.3", "Задание8.3.csproj", "{9E2B3AC7-C963-4BBC-8ABB-AFF91CAD9F85}"
EndProject
Global
	GlobalSection(SolutionConfigurationPlatforms) = preSolution
		Debug|Any CPU = Debug|Any CPU
		Release|Any CPU = Release|Any CPU
	EndGlobalSection
	GlobalSection(ProjectConfigurationPlatforms) = postSolution
		{9E2B3AC7-C963-4BBC-8ABB-AFF91CAD9F85}.Debug|Any CPU.ActiveCfg = Debug|Any CPU
		{9E2B3AC7-C963-4BBC-8ABB-AFF91CAD9F85}.Debug|Any CPU.Build.0 = Debug|Any CPU
		{9E2B3AC7-C963-4BBC-8ABB-AFF91CAD9F85}.Release|Any CPU.ActiveCfg = Release|Any CPU
		{9E2B3AC7-C963-4BBC-8ABB-AFF91CAD9F85}.Release|Any CPU.Build.0 = Release|Any CPU
	EndGlobalSection
	GlobalSection(SolutionProperties) = preSolution
		HideSolutionNode = FALSE
	EndGlobalSection
	GlobalSection(ExtensibilityGlobals) = postSolution
		SolutionGuid = {40536EF4-509B-484D-8373-BFF11018BF50}
	EndGlobalSection
EndGlobal
