
Microsoft Visual Studio Solution File, Format Version 12.00
# Visual Studio Version 16
VisualStudioVersion = 16.0.31702.278
MinimumVisualStudioVersion = 10.0.40219.1
Project("{FAE04EC0-301F-11D3-BF4B-00C04F79EFBC}") = "Задание8.2", "Задание8.2.csproj", "{8FD8A067-5CB8-4814-B4D5-1A29DA4B57A6}"
EndProject
Global
	GlobalSection(SolutionConfigurationPlatforms) = preSolution
		Debug|Any CPU = Debug|Any CPU
		Release|Any CPU = Release|Any CPU
	EndGlobalSection
	GlobalSection(ProjectConfigurationPlatforms) = postSolution
		{8FD8A067-5CB8-4814-B4D5-1A29DA4B57A6}.Debug|Any CPU.ActiveCfg = Debug|Any CPU
		{8FD8A067-5CB8-4814-B4D5-1A29DA4B57A6}.Debug|Any CPU.Build.0 = Debug|Any CPU
		{8FD8A067-5CB8-4814-B4D5-1A29DA4B57A6}.Release|Any CPU.ActiveCfg = Release|Any CPU
		{8FD8A067-5CB8-4814-B4D5-1A29DA4B57A6}.Release|Any CPU.Build.0 = Release|Any CPU
	EndGlobalSection
	GlobalSection(SolutionProperties) = preSolution
		HideSolutionNode = FALSE
	EndGlobalSection
	GlobalSection(ExtensibilityGlobals) = postSolution
		SolutionGuid = {054F1090-7BBF-4C1E-B888-32FFD0D0FA97}
	EndGlobalSection
EndGlobal
