
Microsoft Visual Studio Solution File, Format Version 12.00
# Visual Studio Version 16
VisualStudioVersion = 16.0.31702.278
MinimumVisualStudioVersion = 10.0.40219.1
Project("{FAE04EC0-301F-11D3-BF4B-00C04F79EFBC}") = "пересдача1", "пересдача1.csproj", "{1296D597-9619-4117-BC24-B1501828F41D}"
EndProject
Global
	GlobalSection(SolutionConfigurationPlatforms) = preSolution
		Debug|Any CPU = Debug|Any CPU
		Release|Any CPU = Release|Any CPU
	EndGlobalSection
	GlobalSection(ProjectConfigurationPlatforms) = postSolution
		{1296D597-9619-4117-BC24-B1501828F41D}.Debug|Any CPU.ActiveCfg = Debug|Any CPU
		{1296D597-9619-4117-BC24-B1501828F41D}.Debug|Any CPU.Build.0 = Debug|Any CPU
		{1296D597-9619-4117-BC24-B1501828F41D}.Release|Any CPU.ActiveCfg = Release|Any CPU
		{1296D597-9619-4117-BC24-B1501828F41D}.Release|Any CPU.Build.0 = Release|Any CPU
	EndGlobalSection
	GlobalSection(SolutionProperties) = preSolution
		HideSolutionNode = FALSE
	EndGlobalSection
	GlobalSection(ExtensibilityGlobals) = postSolution
		SolutionGuid = {E3791933-6E9F-4B00-9DBA-78EE34D647BA}
	EndGlobalSection
EndGlobal
