
Microsoft Visual Studio Solution File, Format Version 12.00
# Visual Studio Version 16
VisualStudioVersion = 16.0.31702.278
MinimumVisualStudioVersion = 10.0.40219.1
Project("{FAE04EC0-301F-11D3-BF4B-00C04F79EFBC}") = "Екатерина_Мусатова.дз", "Екатерина_Мусатова.дз.csproj", "{4D95688A-F77F-4211-BE74-2D73CE733120}"
EndProject
Global
	GlobalSection(SolutionConfigurationPlatforms) = preSolution
		Debug|Any CPU = Debug|Any CPU
		Release|Any CPU = Release|Any CPU
	EndGlobalSection
	GlobalSection(ProjectConfigurationPlatforms) = postSolution
		{4D95688A-F77F-4211-BE74-2D73CE733120}.Debug|Any CPU.ActiveCfg = Debug|Any CPU
		{4D95688A-F77F-4211-BE74-2D73CE733120}.Debug|Any CPU.Build.0 = Debug|Any CPU
		{4D95688A-F77F-4211-BE74-2D73CE733120}.Release|Any CPU.ActiveCfg = Release|Any CPU
		{4D95688A-F77F-4211-BE74-2D73CE733120}.Release|Any CPU.Build.0 = Release|Any CPU
	EndGlobalSection
	GlobalSection(SolutionProperties) = preSolution
		HideSolutionNode = FALSE
	EndGlobalSection
	GlobalSection(ExtensibilityGlobals) = postSolution
		SolutionGuid = {94890443-3FBD-46F4-9BCB-D114D870E0C9}
	EndGlobalSection
EndGlobal
