
Microsoft Visual Studio Solution File, Format Version 12.00
# Visual Studio Version 16
VisualStudioVersion = 16.0.31702.278
MinimumVisualStudioVersion = 10.0.40219.1
Project("{FAE04EC0-301F-11D3-BF4B-00C04F79EFBC}") = "задание6", "задание6.csproj", "{E3BAF1DE-B487-4B75-88A6-B1A0A5D88D3D}"
EndProject
Global
	GlobalSection(SolutionConfigurationPlatforms) = preSolution
		Debug|Any CPU = Debug|Any CPU
		Release|Any CPU = Release|Any CPU
	EndGlobalSection
	GlobalSection(ProjectConfigurationPlatforms) = postSolution
		{E3BAF1DE-B487-4B75-88A6-B1A0A5D88D3D}.Debug|Any CPU.ActiveCfg = Debug|Any CPU
		{E3BAF1DE-B487-4B75-88A6-B1A0A5D88D3D}.Debug|Any CPU.Build.0 = Debug|Any CPU
		{E3BAF1DE-B487-4B75-88A6-B1A0A5D88D3D}.Release|Any CPU.ActiveCfg = Release|Any CPU
		{E3BAF1DE-B487-4B75-88A6-B1A0A5D88D3D}.Release|Any CPU.Build.0 = Release|Any CPU
	EndGlobalSection
	GlobalSection(SolutionProperties) = preSolution
		HideSolutionNode = FALSE
	EndGlobalSection
	GlobalSection(ExtensibilityGlobals) = postSolution
		SolutionGuid = {AE18CDFD-964D-40A0-8CD5-558C9C14D293}
	EndGlobalSection
EndGlobal
